
Microsoft Visual Studio Solution File, Format Version 12.00
# Visual Studio Version 16
VisualStudioVersion = 16.0.30413.136
MinimumVisualStudioVersion = 10.0.40219.1
Project("{FAE04EC0-301F-11D3-BF4B-00C04F79EFBC}") = "TakeOutFood", "TakeOutFood\TakeOutFood.csproj", "{EF35A5A3-8388-41A4-B368-BD763BA56C94}"
EndProject
Project("{FAE04EC0-301F-11D3-BF4B-00C04F79EFBC}") = "TakeOutFoodTest", "TakeOutFoodTest\TakeOutFoodTest.csproj", "{A8ADF2B5-445D-4A86-8DBF-0350586E4EFC}"
EndProject
Project("{2150E333-8FDC-42A3-9474-1A3956D46DE8}") = "Solution Items", "Solution Items", "{F4C7144A-E806-470F-AF12-2500E77EBD77}"
	ProjectSection(SolutionItems) = preProject
		README.md = README.md
	EndProjectSection
EndProject
Global
	GlobalSection(SolutionConfigurationPlatforms) = preSolution
		Debug|Any CPU = Debug|Any CPU
		Release|Any CPU = Release|Any CPU
	EndGlobalSection
	GlobalSection(ProjectConfigurationPlatforms) = postSolution
		{EF35A5A3-8388-41A4-B368-BD763BA56C94}.Debug|Any CPU.ActiveCfg = Debug|Any CPU
		{EF35A5A3-8388-41A4-B368-BD763BA56C94}.Debug|Any CPU.Build.0 = Debug|Any CPU
		{EF35A5A3-8388-41A4-B368-BD763BA56C94}.Release|Any CPU.ActiveCfg = Release|Any CPU
		{EF35A5A3-8388-41A4-B368-BD763BA56C94}.Release|Any CPU.Build.0 = Release|Any CPU
		{A8ADF2B5-445D-4A86-8DBF-0350586E4EFC}.Debug|Any CPU.ActiveCfg = Debug|Any CPU
		{A8ADF2B5-445D-4A86-8DBF-0350586E4EFC}.Debug|Any CPU.Build.0 = Debug|Any CPU
		{A8ADF2B5-445D-4A86-8DBF-0350586E4EFC}.Release|Any CPU.ActiveCfg = Release|Any CPU
		{A8ADF2B5-445D-4A86-8DBF-0350586E4EFC}.Release|Any CPU.Build.0 = Release|Any CPU
	EndGlobalSection
	GlobalSection(SolutionProperties) = preSolution
		HideSolutionNode = FALSE
	EndGlobalSection
	GlobalSection(ExtensibilityGlobals) = postSolution
		SolutionGuid = {14B6D76A-94A7-42D4-871C-9040E0A4425C}
	EndGlobalSection
EndGlobal
